
Microsoft Visual Studio Solution File, Format Version 12.00
# Visual Studio Version 16
VisualStudioVersion = 16.0.30611.23
MinimumVisualStudioVersion = 10.0.40219.1
Project("{FAE04EC0-301F-11D3-BF4B-00C04F79EFBC}") = "WziumStars", "WziumStars\WziumStars.csproj", "{28C004FC-595C-48E2-B961-2FA3504E4D3A}"
EndProject
Global
	GlobalSection(SolutionConfigurationPlatforms) = preSolution
		Debug|Any CPU = Debug|Any CPU
		Release|Any CPU = Release|Any CPU
	EndGlobalSection
	GlobalSection(ProjectConfigurationPlatforms) = postSolution
		{28C004FC-595C-48E2-B961-2FA3504E4D3A}.Debug|Any CPU.ActiveCfg = Debug|Any CPU
		{28C004FC-595C-48E2-B961-2FA3504E4D3A}.Debug|Any CPU.Build.0 = Debug|Any CPU
		{28C004FC-595C-48E2-B961-2FA3504E4D3A}.Release|Any CPU.ActiveCfg = Release|Any CPU
		{28C004FC-595C-48E2-B961-2FA3504E4D3A}.Release|Any CPU.Build.0 = Release|Any CPU
	EndGlobalSection
	GlobalSection(SolutionProperties) = preSolution
		HideSolutionNode = FALSE
	EndGlobalSection
	GlobalSection(ExtensibilityGlobals) = postSolution
		SolutionGuid = {FE2887A7-D137-4190-B6E1-57AB73B43D98}
	EndGlobalSection
EndGlobal
